
Microsoft Visual Studio Solution File, Format Version 12.00
# Visual Studio Version 17
VisualStudioVersion = 17.14.36915.13 d17.14
MinimumVisualStudioVersion = 10.0.40219.1
Project("{FAE04EC0-301F-11D3-BF4B-00C04F79EFBC}") = "frmTaskAssistant.cs", "frmTaskAssistant.cs\frmTaskAssistant.cs.csproj", "{752A96F5-B5AD-4DB1-8D12-4C6730A88968}"
EndProject
Global
	GlobalSection(SolutionConfigurationPlatforms) = preSolution
		Debug|Any CPU = Debug|Any CPU
		Release|Any CPU = Release|Any CPU
	EndGlobalSection
	GlobalSection(ProjectConfigurationPlatforms) = postSolution
		{752A96F5-B5AD-4DB1-8D12-4C6730A88968}.Debug|Any CPU.ActiveCfg = Debug|Any CPU
		{752A96F5-B5AD-4DB1-8D12-4C6730A88968}.Debug|Any CPU.Build.0 = Debug|Any CPU
		{752A96F5-B5AD-4DB1-8D12-4C6730A88968}.Release|Any CPU.ActiveCfg = Release|Any CPU
		{752A96F5-B5AD-4DB1-8D12-4C6730A88968}.Release|Any CPU.Build.0 = Release|Any CPU
	EndGlobalSection
	GlobalSection(SolutionProperties) = preSolution
		HideSolutionNode = FALSE
	EndGlobalSection
	GlobalSection(ExtensibilityGlobals) = postSolution
		SolutionGuid = {035FA08D-AF6D-40AF-99EB-09157CB03153}
	EndGlobalSection
EndGlobal
